// !$*UTF8*$!
{
	archiveVersion = 1;
	classes = {
	};
	objectVersion = 55;
	objects = {

/* Begin PBXBuildFile section */
		CDE25E07278A422C00EC4ECF /* Module5ChallengeApp.swift in Sources */ = {isa = PBXBuildFile; fileRef = CDE25E06278A422C00EC4ECF /* Module5ChallengeApp.swift */; };
		CDE25E0B278A423000EC4ECF /* Assets.xcassets in Resources */ = {isa = PBXBuildFile; fileRef = CDE25E0A278A423000EC4ECF /* Assets.xcassets */; };
		CDE25E0E278A423000EC4ECF /* Preview Assets.xcassets in Resources */ = {isa = PBXBuildFile; fileRef = CDE25E0D278A423000EC4ECF /* Preview Assets.xcassets */; };
		CDE25E19278A5FBB00EC4ECF /* LessonListView.swift in Sources */ = {isa = PBXBuildFile; fileRef = CDE25E18278A5FBB00EC4ECF /* LessonListView.swift */; };
		CDE25E1B278A5FEF00EC4ECF /* Lesson.swift in Sources */ = {isa = PBXBuildFile; fileRef = CDE25E1A278A5FEF00EC4ECF /* Lesson.swift */; };
		CDE25E1D278A60C900EC4ECF /* DataManager.swift in Sources */ = {isa = PBXBuildFile; fileRef = CDE25E1C278A60C900EC4ECF /* DataManager.swift */; };
		CDE25E1F278A610C00EC4ECF /* LessonModel.swift in Sources */ = {isa = PBXBuildFile; fileRef = CDE25E1E278A610C00EC4ECF /* LessonModel.swift */; };
/* End PBXBuildFile section */

/* Begin PBXFileReference section */
		CDE25E03278A422C00EC4ECF /* Module5Challenge.app */ = {isa = PBXFileReference; explicitFileType = wrapper.application; includeInIndex = 0; path = Module5Challenge.app; sourceTree = BUILT_PRODUCTS_DIR; };
		CDE25E06278A422C00EC4ECF /* Module5ChallengeApp.swift */ = {isa = PBXFileReference; lastKnownFileType = sourcecode.swift; path = Module5ChallengeApp.swift; sourceTree = "<group>"; };
		CDE25E0A278A423000EC4ECF /* Assets.xcassets */ = {isa = PBXFileReference; lastKnownFileType = folder.assetcatalog; path = Assets.xcassets; sourceTree = "<group>"; };
		CDE25E0D278A423000EC4ECF /* Preview Assets.xcassets */ = {isa = PBXFileReference; lastKnownFileType = folder.assetcatalog; path = "Preview Assets.xcassets"; sourceTree = "<group>"; };
		CDE25E18278A5FBB00EC4ECF /* LessonListView.swift */ = {isa = PBXFileReference; lastKnownFileType = sourcecode.swift; path = LessonListView.swift; sourceTree = "<group>"; };
		CDE25E1A278A5FEF00EC4ECF /* Lesson.swift */ = {isa = PBXFileReference; lastKnownFileType = sourcecode.swift; path = Lesson.swift; sourceTree = "<group>"; };
		CDE25E1C278A60C900EC4ECF /* DataManager.swift */ = {isa = PBXFileReference; lastKnownFileType = sourcecode.swift; path = DataManager.swift; sourceTree = "<group>"; };
		CDE25E1E278A610C00EC4ECF /* LessonModel.swift */ = {isa = PBXFileReference; lastKnownFileType = sourcecode.swift; path = LessonModel.swift; sourceTree = "<group>"; };
/* End PBXFileReference section */

/* Begin PBXFrameworksBuildPhase section */
		CDE25E00278A422C00EC4ECF /* Frameworks */ = {
			isa = PBXFrameworksBuildPhase;
			buildActionMask = 2147483647;
			files = (
			);
			runOnlyForDeploymentPostprocessing = 0;
		};
/* End PBXFrameworksBuildPhase section */

/* Begin PBXGroup section */
		CDE25DFA278A422C00EC4ECF = {
			isa = PBXGroup;
			children = (
				CDE25E05278A422C00EC4ECF /* Module5Challenge */,
				CDE25E04278A422C00EC4ECF /* Products */,
			);
			sourceTree = "<group>";
		};
		CDE25E04278A422C00EC4ECF /* Products */ = {
			isa = PBXGroup;
			children = (
				CDE25E03278A422C00EC4ECF /* Module5Challenge.app */,
			);
			name = Products;
			sourceTree = "<group>";
		};
		CDE25E05278A422C00EC4ECF /* Module5Challenge */ = {
			isa = PBXGroup;
			children = (
				CDE25E06278A422C00EC4ECF /* Module5ChallengeApp.swift */,
				CDE25E17278A5F8F00EC4ECF /* Views */,
				CDE25E16278A5F7D00EC4ECF /* ViewModels */,
				CDE25E15278A5F5800EC4ECF /* Managers */,
				CDE25E14278A5F4100EC4ECF /* Models */,
				CDE25E0A278A423000EC4ECF /* Assets.xcassets */,
				CDE25E0C278A423000EC4ECF /* Preview Content */,
			);
			path = Module5Challenge;
			sourceTree = "<group>";
		};
		CDE25E0C278A423000EC4ECF /* Preview Content */ = {
			isa = PBXGroup;
			children = (
				CDE25E0D278A423000EC4ECF /* Preview Assets.xcassets */,
			);
			path = "Preview Content";
			sourceTree = "<group>";
		};
		CDE25E14278A5F4100EC4ECF /* Models */ = {
			isa = PBXGroup;
			children = (
				CDE25E1A278A5FEF00EC4ECF /* Lesson.swift */,
			);
			path = Models;
			sourceTree = "<group>";
		};
		CDE25E15278A5F5800EC4ECF /* Managers */ = {
			isa = PBXGroup;
			children = (
				CDE25E1C278A60C900EC4ECF /* DataManager.swift */,
			);
			path = Managers;
			sourceTree = "<group>";
		};
		CDE25E16278A5F7D00EC4ECF /* ViewModels */ = {
			isa = PBXGroup;
			children = (
				CDE25E1E278A610C00EC4ECF /* LessonModel.swift */,
			);
			path = ViewModels;
			sourceTree = "<group>";
		};
		CDE25E17278A5F8F00EC4ECF /* Views */ = {
			isa = PBXGroup;
			children = (
				CDE25E18278A5FBB00EC4ECF /* LessonListView.swift */,
			);
			path = Views;
			sourceTree = "<group>";
		};
/* End PBXGroup section */

/* Begin PBXNativeTarget section */
		CDE25E02278A422C00EC4ECF /* Module5Challenge */ = {
			isa = PBXNativeTarget;
			buildConfigurationList = CDE25E11278A423000EC4ECF /* Build configuration list for PBXNativeTarget "Module5Challenge" */;
			buildPhases = (
				CDE25DFF278A422C00EC4ECF /* Sources */,
				CDE25E00278A422C00EC4ECF /* Frameworks */,
				CDE25E01278A422C00EC4ECF /* Resources */,
			);
			buildRules = (
			);
			dependencies = (
			);
			name = Module5Challenge;
			productName = Module5Challenge;
			productReference = CDE25E03278A422C00EC4ECF /* Module5Challenge.app */;
			productType = "com.apple.product-type.application";
		};
/* End PBXNativeTarget section */

/* Begin PBXProject section */
		CDE25DFB278A422C00EC4ECF /* Project object */ = {
			isa = PBXProject;
			attributes = {
				BuildIndependentTargetsInParallel = 1;
				LastSwiftUpdateCheck = 1320;
				LastUpgradeCheck = 1320;
				TargetAttributes = {
					CDE25E02278A422C00EC4ECF = {
						CreatedOnToolsVersion = 13.2.1;
					};
				};
			};
			buildConfigurationList = CDE25DFE278A422C00EC4ECF /* Build configuration list for PBXProject "Module5Challenge" */;
			compatibilityVersion = "Xcode 13.0";
			developmentRegion = en;
			hasScannedForEncodings = 0;
			knownRegions = (
				en,
				Base,
			);
			mainGroup = CDE25DFA278A422C00EC4ECF;
			productRefGroup = CDE25E04278A422C00EC4ECF /* Products */;
			projectDirPath = "";
			projectRoot = "";
			targets = (
				CDE25E02278A422C00EC4ECF /* Module5Challenge */,
			);
		};
/* End PBXProject section */

/* Begin PBXResourcesBuildPhase section */
		CDE25E01278A422C00EC4ECF /* Resources */ = {
			isa = PBXResourcesBuildPhase;
			buildActionMask = 2147483647;
			files = (
				CDE25E0E278A423000EC4ECF /* Preview Assets.xcassets in Resources */,
				CDE25E0B278A423000EC4ECF /* Assets.xcassets in Resources */,
			);
			runOnlyForDeploymentPostprocessing = 0;
		};
/* End PBXResourcesBuildPhase section */

/* Begin PBXSourcesBuildPhase section */
		CDE25DFF278A422C00EC4ECF /* Sources */ = {
			isa = PBXSourcesBuildPhase;
			buildActionMask = 2147483647;
			files = (
				CDE25E1B278A5FEF00EC4ECF /* Lesson.swift in Sources */,
				CDE25E1D278A60C900EC4ECF /* DataManager.swift in Sources */,
				CDE25E1F278A610C00EC4ECF /* LessonModel.swift in Sources */,
				CDE25E19278A5FBB00EC4ECF /* LessonListView.swift in Sources */,
				CDE25E07278A422C00EC4ECF /* Module5ChallengeApp.swift in Sources */,
			);
			runOnlyForDeploymentPostprocessing = 0;
		};
/* End PBXSourcesBuildPhase section */

/* Begin XCBuildConfiguration section */
		CDE25E0F278A423000EC4ECF /* Debug */ = {
			isa = XCBuildConfiguration;
			buildSettings = {
				ALWAYS_SEARCH_USER_PATHS = NO;
				CLANG_ANALYZER_NONNULL = YES;
				CLANG_ANALYZER_NUMBER_OBJECT_CONVERSION = YES_AGGRESSIVE;
				CLANG_CXX_LANGUAGE_STANDARD = "gnu++17";
				CLANG_CXX_LIBRARY = "libc++";
				CLANG_ENABLE_MODULES = YES;
				CLANG_ENABLE_OBJC_ARC = YES;
				CLANG_ENABLE_OBJC_WEAK = YES;
				CLANG_WARN_BLOCK_CAPTURE_AUTORELEASING = YES;
				CLANG_WARN_BOOL_CONVERSION = YES;
				CLANG_WARN_COMMA = YES;
				CLANG_WARN_CONSTANT_CONVERSION = YES;
				CLANG_WARN_DEPRECATED_OBJC_IMPLEMENTATIONS = YES;
				CLANG_WARN_DIRECT_OBJC_ISA_USAGE = YES_ERROR;
				CLANG_WARN_DOCUMENTATION_COMMENTS = YES;
				CLANG_WARN_EMPTY_BODY = YES;
				CLANG_WARN_ENUM_CONVERSION = YES;
				CLANG_WARN_INFINITE_RECURSION = YES;
				CLANG_WARN_INT_CONVERSION = YES;
				CLANG_WARN_NON_LITERAL_NULL_CONVERSION = YES;
				CLANG_WARN_OBJC_IMPLICIT_RETAIN_SELF = YES;
				CLANG_WARN_OBJC_LITERAL_CONVERSION = YES;
				CLANG_WARN_OBJC_ROOT_CLASS = YES_ERROR;
				CLANG_WARN_QUOTED_INCLUDE_IN_FRAMEWORK_HEADER = YES;
				CLANG_WARN_RANGE_LOOP_ANALYSIS = YES;
				CLANG_WARN_STRICT_PROTOTYPES = YES;
				CLANG_WARN_SUSPICIOUS_MOVE = YES;
				CLANG_WARN_UNGUARDED_AVAILABILITY = YES_AGGRESSIVE;
				CLANG_WARN_UNREACHABLE_CODE = YES;
				CLANG_WARN__DUPLICATE_METHOD_MATCH = YES;
				COPY_PHASE_STRIP = NO;
				DEBUG_INFORMATION_FORMAT = dwarf;
				ENABLE_STRICT_OBJC_MSGSEND = YES;
				ENABLE_TESTABILITY = YES;
				GCC_C_LANGUAGE_STANDARD = gnu11;
				GCC_DYNAMIC_NO_PIC = NO;
				GCC_NO_COMMON_BLOCKS = YES;
				GCC_OPTIMIZATION_LEVEL = 0;
				GCC_PREPROCESSOR_DEFINITIONS = (
					"DEBUG=1",
					"$(inherited)",
				);
				GCC_WARN_64_TO_32_BIT_CONVERSION = YES;
				GCC_WARN_ABOUT_RETURN_TYPE = YES_ERROR;
				GCC_WARN_UNDECLARED_SELECTOR = YES;
				GCC_WARN_UNINITIALIZED_AUTOS = YES_AGGRESSIVE;
				GCC_WARN_UNUSED_FUNCTION = YES;
				GCC_WARN_UNUSED_VARIABLE = YES;
				IPHONEOS_DEPLOYMENT_TARGET = 15.2;
				MTL_ENABLE_DEBUG_INFO = INCLUDE_SOURCE;
				MTL_FAST_MATH = YES;
				ONLY_ACTIVE_ARCH = YES;
				SDKROOT = iphoneos;
				SWIFT_ACTIVE_COMPILATION_CONDITIONS = DEBUG;
				SWIFT_OPTIMIZATION_LEVEL = "-Onone";
			};
			name = Debug;
		};
		CDE25E10278A423000EC4ECF /* Release */ = {
			isa = XCBuildConfiguration;
			buildSettings = {
				ALWAYS_SEARCH_USER_PATHS = NO;
				CLANG_ANALYZER_NONNULL = YES;
				CLANG_ANALYZER_NUMBER_OBJECT_CONVERSION = YES_AGGRESSIVE;
				CLANG_CXX_LANGUAGE_STANDARD = "gnu++17";
				CLANG_CXX_LIBRARY = "libc++";
				CLANG_ENABLE_MODULES = YES;
				CLANG_ENABLE_OBJC_ARC = YES;
				CLANG_ENABLE_OBJC_WEAK = YES;
				CLANG_WARN_BLOCK_CAPTURE_AUTORELEASING = YES;
				CLANG_WARN_BOOL_CONVERSION = YES;
				CLANG_WARN_COMMA = YES;
				CLANG_WARN_CONSTANT_CONVERSION = YES;
				CLANG_WARN_DEPRECATED_OBJC_IMPLEMENTATIONS = YES;
				CLANG_WARN_DIRECT_OBJC_ISA_USAGE = YES_ERROR;
				CLANG_WARN_DOCUMENTATION_COMMENTS = YES;
				CLANG_WARN_EMPTY_BODY = YES;
				CLANG_WARN_ENUM_CONVERSION = YES;
				CLANG_WARN_INFINITE_RECURSION = YES;
				CLANG_WARN_INT_CONVERSION = YES;
				CLANG_WARN_NON_LITERAL_NULL_CONVERSION = YES;
				CLANG_WARN_OBJC_IMPLICIT_RETAIN_SELF = YES;
				CLANG_WARN_OBJC_LITERAL_CONVERSION = YES;
				CLANG_WARN_OBJC_ROOT_CLASS = YES_ERROR;
				CLANG_WARN_QUOTED_INCLUDE_IN_FRAMEWORK_HEADER = YES;
				CLANG_WARN_RANGE_LOOP_ANALYSIS = YES;
				CLANG_WARN_STRICT_PROTOTYPES = YES;
				CLANG_WARN_SUSPICIOUS_MOVE = YES;
				CLANG_WARN_UNGUARDED_AVAILABILITY = YES_AGGRESSIVE;
				CLANG_WARN_UNREACHABLE_CODE = YES;
				CLANG_WARN__DUPLICATE_METHOD_MATCH = YES;
				COPY_PHASE_STRIP = NO;
				DEBUG_INFORMATION_FORMAT = "dwarf-with-dsym";
				ENABLE_NS_ASSERTIONS = NO;
				ENABLE_STRICT_OBJC_MSGSEND = YES;
				GCC_C_LANGUAGE_STANDARD = gnu11;
				GCC_NO_COMMON_BLOCKS = YES;
				GCC_WARN_64_TO_32_BIT_CONVERSION = YES;
				GCC_WARN_ABOUT_RETURN_TYPE = YES_ERROR;
				GCC_WARN_UNDECLARED_SELECTOR = YES;
				GCC_WARN_UNINITIALIZED_AUTOS = YES_AGGRESSIVE;
				GCC_WARN_UNUSED_FUNCTION = YES;
				GCC_WARN_UNUSED_VARIABLE = YES;
				IPHONEOS_DEPLOYMENT_TARGET = 15.2;
				MTL_ENABLE_DEBUG_INFO = NO;
				MTL_FAST_MATH = YES;
				SDKROOT = iphoneos;
				SWIFT_COMPILATION_MODE = wholemodule;
				SWIFT_OPTIMIZATION_LEVEL = "-O";
				VALIDATE_PRODUCT = YES;
			};
			name = Release;
		};
		CDE25E12278A423000EC4ECF /* Debug */ = {
			isa = XCBuildConfiguration;
			buildSettings = {
				ASSETCATALOG_COMPILER_APPICON_NAME = AppIcon;
				ASSETCATALOG_COMPILER_GLOBAL_ACCENT_COLOR_NAME = AccentColor;
				CODE_SIGN_STYLE = Automatic;
				CURRENT_PROJECT_VERSION = 1;
				DEVELOPMENT_ASSET_PATHS = "\"Module5Challenge/Preview Content\"";
				DEVELOPMENT_TEAM = 2YSS2WYNUU;
				ENABLE_PREVIEWS = YES;
				GENERATE_INFOPLIST_FILE = YES;
				INFOPLIST_KEY_UIApplicationSceneManifest_Generation = YES;
				INFOPLIST_KEY_UIApplicationSupportsIndirectInputEvents = YES;
				INFOPLIST_KEY_UILaunchScreen_Generation = YES;
				INFOPLIST_KEY_UISupportedInterfaceOrientations_iPad = "UIInterfaceOrientationPortrait UIInterfaceOrientationPortraitUpsideDown UIInterfaceOrientationLandscapeLeft UIInterfaceOrientationLandscapeRight";
				INFOPLIST_KEY_UISupportedInterfaceOrientations_iPhone = "UIInterfaceOrientationPortrait UIInterfaceOrientationLandscapeLeft UIInterfaceOrientationLandscapeRight";
				LD_RUNPATH_SEARCH_PATHS = (
					"$(inherited)",
					"@executable_path/Frameworks",
				);
				MARKETING_VERSION = 1.0;
				PRODUCT_BUNDLE_IDENTIFIER = io.soonlabs.Module5Challenge;
				PRODUCT_NAME = "$(TARGET_NAME)";
				SWIFT_EMIT_LOC_STRINGS = YES;
				SWIFT_VERSION = 5.0;
				TARGETED_DEVICE_FAMILY = "1,2";
			};
			name = Debug;
		};
		CDE25E13278A423000EC4ECF /* Release */ = {
			isa = XCBuildConfiguration;
			buildSettings = {
				ASSETCATALOG_COMPILER_APPICON_NAME = AppIcon;
				ASSETCATALOG_COMPILER_GLOBAL_ACCENT_COLOR_NAME = AccentColor;
				CODE_SIGN_STYLE = Automatic;
				CURRENT_PROJECT_VERSION = 1;
				DEVELOPMENT_ASSET_PATHS = "\"Module5Challenge/Preview Content\"";
				DEVELOPMENT_TEAM = 2YSS2WYNUU;
				ENABLE_PREVIEWS = YES;
				GENERATE_INFOPLIST_FILE = YES;
				INFOPLIST_KEY_UIApplicationSceneManifest_Generation = YES;
				INFOPLIST_KEY_UIApplicationSupportsIndirectInputEvents = YES;
				INFOPLIST_KEY_UILaunchScreen_Generation = YES;
				INFOPLIST_KEY_UISupportedInterfaceOrientations_iPad = "UIInterfaceOrientationPortrait UIInterfaceOrientationPortraitUpsideDown UIInterfaceOrientationLandscapeLeft UIInterfaceOrientationLandscapeRight";
				INFOPLIST_KEY_UISupportedInterfaceOrientations_iPhone = "UIInterfaceOrientationPortrait UIInterfaceOrientationLandscapeLeft UIInterfaceOrientationLandscapeRight";
				LD_RUNPATH_SEARCH_PATHS = (
					"$(inherited)",
					"@executable_path/Frameworks",
				);
				MARKETING_VERSION = 1.0;
				PRODUCT_BUNDLE_IDENTIFIER = io.soonlabs.Module5Challenge;
				PRODUCT_NAME = "$(TARGET_NAME)";
				SWIFT_EMIT_LOC_STRINGS = YES;
				SWIFT_VERSION = 5.0;
				TARGETED_DEVICE_FAMILY = "1,2";
			};
			name = Release;
		};
/* End XCBuildConfiguration section */

/* Begin XCConfigurationList section */
		CDE25DFE278A422C00EC4ECF /* Build configuration list for PBXProject "Module5Challenge" */ = {
			isa = XCConfigurationList;
			buildConfigurations = (
				CDE25E0F278A423000EC4ECF /* Debug */,
				CDE25E10278A423000EC4ECF /* Release */,
			);
			defaultConfigurationIsVisible = 0;
			defaultConfigurationName = Release;
		};
		CDE25E11278A423000EC4ECF /* Build configuration list for PBXNativeTarget "Module5Challenge" */ = {
			isa = XCConfigurationList;
			buildConfigurations = (
				CDE25E12278A423000EC4ECF /* Debug */,
				CDE25E13278A423000EC4ECF /* Release */,
			);
			defaultConfigurationIsVisible = 0;
			defaultConfigurationName = Release;
		};
/* End XCConfigurationList section */
	};
	rootObject = CDE25DFB278A422C00EC4ECF /* Project object */;
}
